
Microsoft Visual Studio Solution File, Format Version 12.00
# Visual Studio 14
VisualStudioVersion = 14.0.23107.0
MinimumVisualStudioVersion = 10.0.40219.1
Project("{FAE04EC0-301F-11D3-BF4B-00C04F79EFBC}") = "PhotoGallery", "PhotoGallery\PhotoGallery.csproj", "{D3445A76-CADC-4EA2-9240-5150A5E43D9F}"
EndProject
Project("{FAE04EC0-301F-11D3-BF4B-00C04F79EFBC}") = "PhotoGalery2.Core", "PhotoGalery2.Core\PhotoGalery2.Core.csproj", "{06312211-D09A-4D3E-97A7-74E6C67349C0}"
EndProject
Project("{FAE04EC0-301F-11D3-BF4B-00C04F79EFBC}") = "PhotoGalery2.Test", "PhotoGalery2.Test\PhotoGalery2.Test.csproj", "{A9E82478-767D-47B1-A4F1-0FB029C2397D}"
EndProject
Project("{FAE04EC0-301F-11D3-BF4B-00C04F79EFBC}") = "PhotoGalery2.Server", "PhotoGalery2.Server\PhotoGalery2.Server.csproj", "{5E1B9C2F-818C-42C0-98D0-EE039C118906}"
EndProject
Project("{FAE04EC0-301F-11D3-BF4B-00C04F79EFBC}") = "PhotosGalery2.Client", "PhotosGalery2.Client\PhotosGalery2.Client.csproj", "{5B2C476F-6ECF-46E3-9C6D-724BDAA3225D}"
EndProject
Global
	GlobalSection(SolutionConfigurationPlatforms) = preSolution
		Debug|Any CPU = Debug|Any CPU
		Release|Any CPU = Release|Any CPU
	EndGlobalSection
	GlobalSection(ProjectConfigurationPlatforms) = postSolution
		{D3445A76-CADC-4EA2-9240-5150A5E43D9F}.Debug|Any CPU.ActiveCfg = Debug|Any CPU
		{D3445A76-CADC-4EA2-9240-5150A5E43D9F}.Debug|Any CPU.Build.0 = Debug|Any CPU
		{D3445A76-CADC-4EA2-9240-5150A5E43D9F}.Release|Any CPU.ActiveCfg = Release|Any CPU
		{D3445A76-CADC-4EA2-9240-5150A5E43D9F}.Release|Any CPU.Build.0 = Release|Any CPU
		{06312211-D09A-4D3E-97A7-74E6C67349C0}.Debug|Any CPU.ActiveCfg = Debug|Any CPU
		{06312211-D09A-4D3E-97A7-74E6C67349C0}.Debug|Any CPU.Build.0 = Debug|Any CPU
		{06312211-D09A-4D3E-97A7-74E6C67349C0}.Release|Any CPU.ActiveCfg = Release|Any CPU
		{06312211-D09A-4D3E-97A7-74E6C67349C0}.Release|Any CPU.Build.0 = Release|Any CPU
		{A9E82478-767D-47B1-A4F1-0FB029C2397D}.Debug|Any CPU.ActiveCfg = Debug|Any CPU
		{A9E82478-767D-47B1-A4F1-0FB029C2397D}.Debug|Any CPU.Build.0 = Debug|Any CPU
		{A9E82478-767D-47B1-A4F1-0FB029C2397D}.Release|Any CPU.ActiveCfg = Release|Any CPU
		{A9E82478-767D-47B1-A4F1-0FB029C2397D}.Release|Any CPU.Build.0 = Release|Any CPU
		{5E1B9C2F-818C-42C0-98D0-EE039C118906}.Debug|Any CPU.ActiveCfg = Debug|Any CPU
		{5E1B9C2F-818C-42C0-98D0-EE039C118906}.Debug|Any CPU.Build.0 = Debug|Any CPU
		{5E1B9C2F-818C-42C0-98D0-EE039C118906}.Release|Any CPU.ActiveCfg = Release|Any CPU
		{5E1B9C2F-818C-42C0-98D0-EE039C118906}.Release|Any CPU.Build.0 = Release|Any CPU
		{5B2C476F-6ECF-46E3-9C6D-724BDAA3225D}.Debug|Any CPU.ActiveCfg = Debug|Any CPU
		{5B2C476F-6ECF-46E3-9C6D-724BDAA3225D}.Debug|Any CPU.Build.0 = Debug|Any CPU
		{5B2C476F-6ECF-46E3-9C6D-724BDAA3225D}.Release|Any CPU.ActiveCfg = Release|Any CPU
		{5B2C476F-6ECF-46E3-9C6D-724BDAA3225D}.Release|Any CPU.Build.0 = Release|Any CPU
	EndGlobalSection
	GlobalSection(SolutionProperties) = preSolution
		HideSolutionNode = FALSE
	EndGlobalSection
EndGlobal
